github.com/hbakhtiyor/grab v2.0.1-0.20181222132738-723061bb4300+incompatible h1:yQ02d4XHEUFFMYja/BPGNNVqMVGYrV5cecWskcW71LM=
github.com/hbakhtiyor/grab v2.0.1-0.20181222132738-723061bb4300+incompatible/go.mod h1:ao2v+w1+nllsyI3767z+4afD0KjODm0mx6pipvBigvs=
github.com/hbakhtiyor/openssl_gcm v0.0.0-20190101053512-34a1fd3e57c1 h1:d69hM+UkJ52TTqPLIPufKCzmyhZrjGOzPBDqFbNmLQ4=
github.com/hbakhtiyor/openssl_gcm v0.0.0-20190101053512-34a1fd3e57c1/go.mod h1:BzTYDqsg+ACIWnauO4pUJbMFUid9GLEK+ejbstrFBi0=
github.com/hbakhtiyor/openssl_gcm v0.0.0-20190103172222-574871c76f43 h1:euka/jWLGrU7JvVLHCxf2TWJXCwhgAGxyo1CxH2FRok=
github.com/hbakhtiyor/openssl_gcm v0.0.0-20190103172222-574871c76f43/go.mod h1:6lHD9uqYoHFeN/oRHElinokw1I79qoXClv3AKUlaNYs=
github.com/spacemonkeygo/openssl v0.0.0-20181017203307-c2dcc5cca94a h1:/eS3yfGjQKG+9kayBkj0ip1BGhq6zJ3eaVksphxAaek=
github.com/spacemonkeygo/openssl v0.0.0-20181017203307-c2dcc5cca94a/go.mod h1:7AyxJNCJ7SBZ1MfVQCWD6Uqo2oubI2Eq2y2eqf+A5r0=
github.com/spacemonkeygo/spacelog v0.0.0-20180420211403-2296661a0572 h1:RC6RW7j+1+HkWaX/Yh71Ee5ZHaHYt7ZP4sQgUrm6cDU=
github.com/spacemonkeygo/spacelog v0.0.0-20180420211403-2296661a0572/go.mod h1:w0SWMsp6j9O/dk4/ZpIhL+3CkG8ofA2vuv7k+ltqUMc=
golang.org/x/crypto v0.0.0-20190102171810-8d7daa0c54b3 h1:35ZwriXqdZtBGoFgUpW71Z7xz5o23fRpWHFAO2PlnIA=
golang.org/x/crypto v0.0.0-20190102171810-8d7daa0c54b3/go.mod h1:6SG95UA2DQfeDnfUPMdvaQW0Q7yPrPDi9nlGo2tz2b4=
golang.org/x/sys v0.0.0-20190102155601-82a175fd1598 h1:S8GOgffXV1X3fpVG442QRfWOt0iFl79eHJ7OPt725bo=
golang.org/x/sys v0.0.0-20190102155601-82a175fd1598/go.mod h1:STP8DvDyc/dI5b8T5hshtkjS+E42TnysNCUPdjciGhY=
